
Microsoft Visual Studio Solution File, Format Version 12.00
# Visual Studio Version 17
Project("{2150E333-8FDC-42A3-9474-1A3956D46DE8}") = "CMakePredefinedTargets", "CMakePredefinedTargets", "{AD697ED5-A106-3E61-91EE-EC063262CD16}"
EndProject
Project("{2150E333-8FDC-42A3-9474-1A3956D46DE8}") = "External", "External", "{20A35818-A765-3ADE-BFBE-C68FEAF19928}"
EndProject
Project("{2150E333-8FDC-42A3-9474-1A3956D46DE8}") = "Internal", "Internal", "{C28A512C-2B86-3CF5-939A-C49A0389CD31}"
EndProject
Project("{2150E333-8FDC-42A3-9474-1A3956D46DE8}") = "Utils", "Utils", "{2A8EA007-8D2D-36E9-A728-10B26C6A2BB0}"
EndProject
Project("{8BC9CEB8-8B4A-11D0-8D11-00A0C91BC942}") = "ALL_BUILD", "ALL_BUILD.vcxproj", "{482D49E5-9B7A-3E7A-B11E-4BE4C2F90FEC}"
	ProjectSection(ProjectDependencies) = postProject
		{F0152692-300C-382C-B92F-EFD4B1B15A44} = {F0152692-300C-382C-B92F-EFD4B1B15A44}
		{0613A467-60C7-310E-984A-CD21559776E9} = {0613A467-60C7-310E-984A-CD21559776E9}
		{7D16F447-2D86-3A07-A539-9FB3C1484A20} = {7D16F447-2D86-3A07-A539-9FB3C1484A20}
		{F2837A07-B2AD-31C5-9E5B-69E7C27046EA} = {F2837A07-B2AD-31C5-9E5B-69E7C27046EA}
		{DDC9E5AF-CFB4-3533-A0C3-053E83C73865} = {DDC9E5AF-CFB4-3533-A0C3-053E83C73865}
		{0EC1B732-5768-3F25-8352-C5B729955E38} = {0EC1B732-5768-3F25-8352-C5B729955E38}
		{19EB26FF-C50A-3D0A-A811-B3270E1CE569} = {19EB26FF-C50A-3D0A-A811-B3270E1CE569}
		{40C56E73-2DAA-3C57-8F09-0EBE65E10E50} = {40C56E73-2DAA-3C57-8F09-0EBE65E10E50}
		{3C7E966A-E0FE-33E0-BA8D-A42FFAA62265} = {3C7E966A-E0FE-33E0-BA8D-A42FFAA62265}
		{E8D39DC1-C9C2-3A70-A997-D8F2060CF156} = {E8D39DC1-C9C2-3A70-A997-D8F2060CF156}
		{D898FDE0-A076-3432-B906-8278EBF114AF} = {D898FDE0-A076-3432-B906-8278EBF114AF}
		{B3D8EF6F-F7FB-3109-A659-01EBEDC9591D} = {B3D8EF6F-F7FB-3109-A659-01EBEDC9591D}
		{605DFB73-D8C5-3B8D-A75B-B72518EE0101} = {605DFB73-D8C5-3B8D-A75B-B72518EE0101}
		{58E501E5-254E-3B35-99DC-FEC01550C69F} = {58E501E5-254E-3B35-99DC-FEC01550C69F}
		{03843167-34F8-39FF-A59B-0933315BE88C} = {03843167-34F8-39FF-A59B-0933315BE88C}
	EndProjectSection
EndProject
Project("{8BC9CEB8-8B4A-11D0-8D11-00A0C91BC942}") = "SYNC_RESOURCE-o-an-quan", "SYNC_RESOURCE-o-an-quan.vcxproj", "{F0152692-300C-382C-B92F-EFD4B1B15A44}"
	ProjectSection(ProjectDependencies) = postProject
		{0613A467-60C7-310E-984A-CD21559776E9} = {0613A467-60C7-310E-984A-CD21559776E9}
	EndProjectSection
EndProject
Project("{8BC9CEB8-8B4A-11D0-8D11-00A0C91BC942}") = "ZERO_CHECK", "ZERO_CHECK.vcxproj", "{0613A467-60C7-310E-984A-CD21559776E9}"
	ProjectSection(ProjectDependencies) = postProject
	EndProjectSection
EndProject
Project("{8BC9CEB8-8B4A-11D0-8D11-00A0C91BC942}") = "cocos2d", "engine\cocos\core\cocos2d.vcxproj", "{7D16F447-2D86-3A07-A539-9FB3C1484A20}"
	ProjectSection(ProjectDependencies) = postProject
		{0613A467-60C7-310E-984A-CD21559776E9} = {0613A467-60C7-310E-984A-CD21559776E9}
		{F2837A07-B2AD-31C5-9E5B-69E7C27046EA} = {F2837A07-B2AD-31C5-9E5B-69E7C27046EA}
		{DDC9E5AF-CFB4-3533-A0C3-053E83C73865} = {DDC9E5AF-CFB4-3533-A0C3-053E83C73865}
		{0EC1B732-5768-3F25-8352-C5B729955E38} = {0EC1B732-5768-3F25-8352-C5B729955E38}
		{19EB26FF-C50A-3D0A-A811-B3270E1CE569} = {19EB26FF-C50A-3D0A-A811-B3270E1CE569}
		{40C56E73-2DAA-3C57-8F09-0EBE65E10E50} = {40C56E73-2DAA-3C57-8F09-0EBE65E10E50}
		{3C7E966A-E0FE-33E0-BA8D-A42FFAA62265} = {3C7E966A-E0FE-33E0-BA8D-A42FFAA62265}
		{E8D39DC1-C9C2-3A70-A997-D8F2060CF156} = {E8D39DC1-C9C2-3A70-A997-D8F2060CF156}
		{D898FDE0-A076-3432-B906-8278EBF114AF} = {D898FDE0-A076-3432-B906-8278EBF114AF}
		{B3D8EF6F-F7FB-3109-A659-01EBEDC9591D} = {B3D8EF6F-F7FB-3109-A659-01EBEDC9591D}
		{605DFB73-D8C5-3B8D-A75B-B72518EE0101} = {605DFB73-D8C5-3B8D-A75B-B72518EE0101}
		{58E501E5-254E-3B35-99DC-FEC01550C69F} = {58E501E5-254E-3B35-99DC-FEC01550C69F}
	EndProjectSection
EndProject
Project("{8BC9CEB8-8B4A-11D0-8D11-00A0C91BC942}") = "ext_clipper", "engine\external\clipper\ext_clipper.vcxproj", "{F2837A07-B2AD-31C5-9E5B-69E7C27046EA}"
	ProjectSection(ProjectDependencies) = postProject
		{0613A467-60C7-310E-984A-CD21559776E9} = {0613A467-60C7-310E-984A-CD21559776E9}
	EndProjectSection
EndProject
Project("{8BC9CEB8-8B4A-11D0-8D11-00A0C91BC942}") = "ext_convertUTF", "engine\external\ConvertUTF\ext_convertUTF.vcxproj", "{DDC9E5AF-CFB4-3533-A0C3-053E83C73865}"
	ProjectSection(ProjectDependencies) = postProject
		{0613A467-60C7-310E-984A-CD21559776E9} = {0613A467-60C7-310E-984A-CD21559776E9}
	EndProjectSection
EndProject
Project("{8BC9CEB8-8B4A-11D0-8D11-00A0C91BC942}") = "ext_edtaa3func", "engine\external\edtaa3func\ext_edtaa3func.vcxproj", "{0EC1B732-5768-3F25-8352-C5B729955E38}"
	ProjectSection(ProjectDependencies) = postProject
		{0613A467-60C7-310E-984A-CD21559776E9} = {0613A467-60C7-310E-984A-CD21559776E9}
	EndProjectSection
EndProject
Project("{8BC9CEB8-8B4A-11D0-8D11-00A0C91BC942}") = "ext_md5", "engine\external\md5\ext_md5.vcxproj", "{19EB26FF-C50A-3D0A-A811-B3270E1CE569}"
	ProjectSection(ProjectDependencies) = postProject
		{0613A467-60C7-310E-984A-CD21559776E9} = {0613A467-60C7-310E-984A-CD21559776E9}
	EndProjectSection
EndProject
Project("{8BC9CEB8-8B4A-11D0-8D11-00A0C91BC942}") = "ext_poly2tri", "engine\external\poly2tri\ext_poly2tri.vcxproj", "{40C56E73-2DAA-3C57-8F09-0EBE65E10E50}"
	ProjectSection(ProjectDependencies) = postProject
		{0613A467-60C7-310E-984A-CD21559776E9} = {0613A467-60C7-310E-984A-CD21559776E9}
	EndProjectSection
EndProject
Project("{8BC9CEB8-8B4A-11D0-8D11-00A0C91BC942}") = "ext_recast", "engine\external\recast\ext_recast.vcxproj", "{3C7E966A-E0FE-33E0-BA8D-A42FFAA62265}"
	ProjectSection(ProjectDependencies) = postProject
		{0613A467-60C7-310E-984A-CD21559776E9} = {0613A467-60C7-310E-984A-CD21559776E9}
	EndProjectSection
EndProject
Project("{8BC9CEB8-8B4A-11D0-8D11-00A0C91BC942}") = "ext_tinyxml2", "engine\external\tinyxml2\ext_tinyxml2.vcxproj", "{E8D39DC1-C9C2-3A70-A997-D8F2060CF156}"
	ProjectSection(ProjectDependencies) = postProject
		{0613A467-60C7-310E-984A-CD21559776E9} = {0613A467-60C7-310E-984A-CD21559776E9}
	EndProjectSection
EndProject
Project("{8BC9CEB8-8B4A-11D0-8D11-00A0C91BC942}") = "ext_unzip", "engine\external\unzip\ext_unzip.vcxproj", "{D898FDE0-A076-3432-B906-8278EBF114AF}"
	ProjectSection(ProjectDependencies) = postProject
		{0613A467-60C7-310E-984A-CD21559776E9} = {0613A467-60C7-310E-984A-CD21559776E9}
	EndProjectSection
EndProject
Project("{8BC9CEB8-8B4A-11D0-8D11-00A0C91BC942}") = "ext_xxhash", "engine\external\xxhash\ext_xxhash.vcxproj", "{B3D8EF6F-F7FB-3109-A659-01EBEDC9591D}"
	ProjectSection(ProjectDependencies) = postProject
		{0613A467-60C7-310E-984A-CD21559776E9} = {0613A467-60C7-310E-984A-CD21559776E9}
	EndProjectSection
EndProject
Project("{8BC9CEB8-8B4A-11D0-8D11-00A0C91BC942}") = "ext_xxtea", "engine\external\xxtea\ext_xxtea.vcxproj", "{605DFB73-D8C5-3B8D-A75B-B72518EE0101}"
	ProjectSection(ProjectDependencies) = postProject
		{0613A467-60C7-310E-984A-CD21559776E9} = {0613A467-60C7-310E-984A-CD21559776E9}
	EndProjectSection
EndProject
Project("{8BC9CEB8-8B4A-11D0-8D11-00A0C91BC942}") = "external", "engine\external\external.vcxproj", "{58E501E5-254E-3B35-99DC-FEC01550C69F}"
	ProjectSection(ProjectDependencies) = postProject
		{0613A467-60C7-310E-984A-CD21559776E9} = {0613A467-60C7-310E-984A-CD21559776E9}
		{F2837A07-B2AD-31C5-9E5B-69E7C27046EA} = {F2837A07-B2AD-31C5-9E5B-69E7C27046EA}
		{DDC9E5AF-CFB4-3533-A0C3-053E83C73865} = {DDC9E5AF-CFB4-3533-A0C3-053E83C73865}
		{0EC1B732-5768-3F25-8352-C5B729955E38} = {0EC1B732-5768-3F25-8352-C5B729955E38}
		{19EB26FF-C50A-3D0A-A811-B3270E1CE569} = {19EB26FF-C50A-3D0A-A811-B3270E1CE569}
		{40C56E73-2DAA-3C57-8F09-0EBE65E10E50} = {40C56E73-2DAA-3C57-8F09-0EBE65E10E50}
		{3C7E966A-E0FE-33E0-BA8D-A42FFAA62265} = {3C7E966A-E0FE-33E0-BA8D-A42FFAA62265}
		{E8D39DC1-C9C2-3A70-A997-D8F2060CF156} = {E8D39DC1-C9C2-3A70-A997-D8F2060CF156}
		{D898FDE0-A076-3432-B906-8278EBF114AF} = {D898FDE0-A076-3432-B906-8278EBF114AF}
		{B3D8EF6F-F7FB-3109-A659-01EBEDC9591D} = {B3D8EF6F-F7FB-3109-A659-01EBEDC9591D}
		{605DFB73-D8C5-3B8D-A75B-B72518EE0101} = {605DFB73-D8C5-3B8D-A75B-B72518EE0101}
	EndProjectSection
EndProject
Project("{8BC9CEB8-8B4A-11D0-8D11-00A0C91BC942}") = "o-an-quan", "o-an-quan.vcxproj", "{03843167-34F8-39FF-A59B-0933315BE88C}"
	ProjectSection(ProjectDependencies) = postProject
		{F0152692-300C-382C-B92F-EFD4B1B15A44} = {F0152692-300C-382C-B92F-EFD4B1B15A44}
		{0613A467-60C7-310E-984A-CD21559776E9} = {0613A467-60C7-310E-984A-CD21559776E9}
		{7D16F447-2D86-3A07-A539-9FB3C1484A20} = {7D16F447-2D86-3A07-A539-9FB3C1484A20}
		{F2837A07-B2AD-31C5-9E5B-69E7C27046EA} = {F2837A07-B2AD-31C5-9E5B-69E7C27046EA}
		{DDC9E5AF-CFB4-3533-A0C3-053E83C73865} = {DDC9E5AF-CFB4-3533-A0C3-053E83C73865}
		{0EC1B732-5768-3F25-8352-C5B729955E38} = {0EC1B732-5768-3F25-8352-C5B729955E38}
		{19EB26FF-C50A-3D0A-A811-B3270E1CE569} = {19EB26FF-C50A-3D0A-A811-B3270E1CE569}
		{40C56E73-2DAA-3C57-8F09-0EBE65E10E50} = {40C56E73-2DAA-3C57-8F09-0EBE65E10E50}
		{3C7E966A-E0FE-33E0-BA8D-A42FFAA62265} = {3C7E966A-E0FE-33E0-BA8D-A42FFAA62265}
		{E8D39DC1-C9C2-3A70-A997-D8F2060CF156} = {E8D39DC1-C9C2-3A70-A997-D8F2060CF156}
		{D898FDE0-A076-3432-B906-8278EBF114AF} = {D898FDE0-A076-3432-B906-8278EBF114AF}
		{B3D8EF6F-F7FB-3109-A659-01EBEDC9591D} = {B3D8EF6F-F7FB-3109-A659-01EBEDC9591D}
		{605DFB73-D8C5-3B8D-A75B-B72518EE0101} = {605DFB73-D8C5-3B8D-A75B-B72518EE0101}
		{58E501E5-254E-3B35-99DC-FEC01550C69F} = {58E501E5-254E-3B35-99DC-FEC01550C69F}
	EndProjectSection
EndProject
Global
	GlobalSection(SolutionConfigurationPlatforms) = preSolution
		Debug|Win32 = Debug|Win32
		Release|Win32 = Release|Win32
		MinSizeRel|Win32 = MinSizeRel|Win32
		RelWithDebInfo|Win32 = RelWithDebInfo|Win32
	EndGlobalSection
	GlobalSection(ProjectConfigurationPlatforms) = postSolution
		{482D49E5-9B7A-3E7A-B11E-4BE4C2F90FEC}.Debug|Win32.ActiveCfg = Debug|Win32
		{482D49E5-9B7A-3E7A-B11E-4BE4C2F90FEC}.Release|Win32.ActiveCfg = Release|Win32
		{482D49E5-9B7A-3E7A-B11E-4BE4C2F90FEC}.MinSizeRel|Win32.ActiveCfg = MinSizeRel|Win32
		{482D49E5-9B7A-3E7A-B11E-4BE4C2F90FEC}.RelWithDebInfo|Win32.ActiveCfg = RelWithDebInfo|Win32
		{F0152692-300C-382C-B92F-EFD4B1B15A44}.Debug|Win32.ActiveCfg = Debug|Win32
		{F0152692-300C-382C-B92F-EFD4B1B15A44}.Debug|Win32.Build.0 = Debug|Win32
		{F0152692-300C-382C-B92F-EFD4B1B15A44}.Release|Win32.ActiveCfg = Release|Win32
		{F0152692-300C-382C-B92F-EFD4B1B15A44}.Release|Win32.Build.0 = Release|Win32
		{F0152692-300C-382C-B92F-EFD4B1B15A44}.MinSizeRel|Win32.ActiveCfg = MinSizeRel|Win32
		{F0152692-300C-382C-B92F-EFD4B1B15A44}.MinSizeRel|Win32.Build.0 = MinSizeRel|Win32
		{F0152692-300C-382C-B92F-EFD4B1B15A44}.RelWithDebInfo|Win32.ActiveCfg = RelWithDebInfo|Win32
		{F0152692-300C-382C-B92F-EFD4B1B15A44}.RelWithDebInfo|Win32.Build.0 = RelWithDebInfo|Win32
		{0613A467-60C7-310E-984A-CD21559776E9}.Debug|Win32.ActiveCfg = Debug|Win32
		{0613A467-60C7-310E-984A-CD21559776E9}.Debug|Win32.Build.0 = Debug|Win32
		{0613A467-60C7-310E-984A-CD21559776E9}.Release|Win32.ActiveCfg = Release|Win32
		{0613A467-60C7-310E-984A-CD21559776E9}.Release|Win32.Build.0 = Release|Win32
		{0613A467-60C7-310E-984A-CD21559776E9}.MinSizeRel|Win32.ActiveCfg = MinSizeRel|Win32
		{0613A467-60C7-310E-984A-CD21559776E9}.MinSizeRel|Win32.Build.0 = MinSizeRel|Win32
		{0613A467-60C7-310E-984A-CD21559776E9}.RelWithDebInfo|Win32.ActiveCfg = RelWithDebInfo|Win32
		{0613A467-60C7-310E-984A-CD21559776E9}.RelWithDebInfo|Win32.Build.0 = RelWithDebInfo|Win32
		{7D16F447-2D86-3A07-A539-9FB3C1484A20}.Debug|Win32.ActiveCfg = Debug|Win32
		{7D16F447-2D86-3A07-A539-9FB3C1484A20}.Debug|Win32.Build.0 = Debug|Win32
		{7D16F447-2D86-3A07-A539-9FB3C1484A20}.Release|Win32.ActiveCfg = Release|Win32
		{7D16F447-2D86-3A07-A539-9FB3C1484A20}.Release|Win32.Build.0 = Release|Win32
		{7D16F447-2D86-3A07-A539-9FB3C1484A20}.MinSizeRel|Win32.ActiveCfg = MinSizeRel|Win32
		{7D16F447-2D86-3A07-A539-9FB3C1484A20}.MinSizeRel|Win32.Build.0 = MinSizeRel|Win32
		{7D16F447-2D86-3A07-A539-9FB3C1484A20}.RelWithDebInfo|Win32.ActiveCfg = RelWithDebInfo|Win32
		{7D16F447-2D86-3A07-A539-9FB3C1484A20}.RelWithDebInfo|Win32.Build.0 = RelWithDebInfo|Win32
		{F2837A07-B2AD-31C5-9E5B-69E7C27046EA}.Debug|Win32.ActiveCfg = Debug|Win32
		{F2837A07-B2AD-31C5-9E5B-69E7C27046EA}.Debug|Win32.Build.0 = Debug|Win32
		{F2837A07-B2AD-31C5-9E5B-69E7C27046EA}.Release|Win32.ActiveCfg = Release|Win32
		{F2837A07-B2AD-31C5-9E5B-69E7C27046EA}.Release|Win32.Build.0 = Release|Win32
		{F2837A07-B2AD-31C5-9E5B-69E7C27046EA}.MinSizeRel|Win32.ActiveCfg = MinSizeRel|Win32
		{F2837A07-B2AD-31C5-9E5B-69E7C27046EA}.MinSizeRel|Win32.Build.0 = MinSizeRel|Win32
		{F2837A07-B2AD-31C5-9E5B-69E7C27046EA}.RelWithDebInfo|Win32.ActiveCfg = RelWithDebInfo|Win32
		{F2837A07-B2AD-31C5-9E5B-69E7C27046EA}.RelWithDebInfo|Win32.Build.0 = RelWithDebInfo|Win32
		{DDC9E5AF-CFB4-3533-A0C3-053E83C73865}.Debug|Win32.ActiveCfg = Debug|Win32
		{DDC9E5AF-CFB4-3533-A0C3-053E83C73865}.Debug|Win32.Build.0 = Debug|Win32
		{DDC9E5AF-CFB4-3533-A0C3-053E83C73865}.Release|Win32.ActiveCfg = Release|Win32
		{DDC9E5AF-CFB4-3533-A0C3-053E83C73865}.Release|Win32.Build.0 = Release|Win32
		{DDC9E5AF-CFB4-3533-A0C3-053E83C73865}.MinSizeRel|Win32.ActiveCfg = MinSizeRel|Win32
		{DDC9E5AF-CFB4-3533-A0C3-053E83C73865}.MinSizeRel|Win32.Build.0 = MinSizeRel|Win32
		{DDC9E5AF-CFB4-3533-A0C3-053E83C73865}.RelWithDebInfo|Win32.ActiveCfg = RelWithDebInfo|Win32
		{DDC9E5AF-CFB4-3533-A0C3-053E83C73865}.RelWithDebInfo|Win32.Build.0 = RelWithDebInfo|Win32
		{0EC1B732-5768-3F25-8352-C5B729955E38}.Debug|Win32.ActiveCfg = Debug|Win32
		{0EC1B732-5768-3F25-8352-C5B729955E38}.Debug|Win32.Build.0 = Debug|Win32
		{0EC1B732-5768-3F25-8352-C5B729955E38}.Release|Win32.ActiveCfg = Release|Win32
		{0EC1B732-5768-3F25-8352-C5B729955E38}.Release|Win32.Build.0 = Release|Win32
		{0EC1B732-5768-3F25-8352-C5B729955E38}.MinSizeRel|Win32.ActiveCfg = MinSizeRel|Win32
		{0EC1B732-5768-3F25-8352-C5B729955E38}.MinSizeRel|Win32.Build.0 = MinSizeRel|Win32
		{0EC1B732-5768-3F25-8352-C5B729955E38}.RelWithDebInfo|Win32.ActiveCfg = RelWithDebInfo|Win32
		{0EC1B732-5768-3F25-8352-C5B729955E38}.RelWithDebInfo|Win32.Build.0 = RelWithDebInfo|Win32
		{19EB26FF-C50A-3D0A-A811-B3270E1CE569}.Debug|Win32.ActiveCfg = Debug|Win32
		{19EB26FF-C50A-3D0A-A811-B3270E1CE569}.Debug|Win32.Build.0 = Debug|Win32
		{19EB26FF-C50A-3D0A-A811-B3270E1CE569}.Release|Win32.ActiveCfg = Release|Win32
		{19EB26FF-C50A-3D0A-A811-B3270E1CE569}.Release|Win32.Build.0 = Release|Win32
		{19EB26FF-C50A-3D0A-A811-B3270E1CE569}.MinSizeRel|Win32.ActiveCfg = MinSizeRel|Win32
		{19EB26FF-C50A-3D0A-A811-B3270E1CE569}.MinSizeRel|Win32.Build.0 = MinSizeRel|Win32
		{19EB26FF-C50A-3D0A-A811-B3270E1CE569}.RelWithDebInfo|Win32.ActiveCfg = RelWithDebInfo|Win32
		{19EB26FF-C50A-3D0A-A811-B3270E1CE569}.RelWithDebInfo|Win32.Build.0 = RelWithDebInfo|Win32
		{40C56E73-2DAA-3C57-8F09-0EBE65E10E50}.Debug|Win32.ActiveCfg = Debug|Win32
		{40C56E73-2DAA-3C57-8F09-0EBE65E10E50}.Debug|Win32.Build.0 = Debug|Win32
		{40C56E73-2DAA-3C57-8F09-0EBE65E10E50}.Release|Win32.ActiveCfg = Release|Win32
		{40C56E73-2DAA-3C57-8F09-0EBE65E10E50}.Release|Win32.Build.0 = Release|Win32
		{40C56E73-2DAA-3C57-8F09-0EBE65E10E50}.MinSizeRel|Win32.ActiveCfg = MinSizeRel|Win32
		{40C56E73-2DAA-3C57-8F09-0EBE65E10E50}.MinSizeRel|Win32.Build.0 = MinSizeRel|Win32
		{40C56E73-2DAA-3C57-8F09-0EBE65E10E50}.RelWithDebInfo|Win32.ActiveCfg = RelWithDebInfo|Win32
		{40C56E73-2DAA-3C57-8F09-0EBE65E10E50}.RelWithDebInfo|Win32.Build.0 = RelWithDebInfo|Win32
		{3C7E966A-E0FE-33E0-BA8D-A42FFAA62265}.Debug|Win32.ActiveCfg = Debug|Win32
		{3C7E966A-E0FE-33E0-BA8D-A42FFAA62265}.Debug|Win32.Build.0 = Debug|Win32
		{3C7E966A-E0FE-33E0-BA8D-A42FFAA62265}.Release|Win32.ActiveCfg = Release|Win32
		{3C7E966A-E0FE-33E0-BA8D-A42FFAA62265}.Release|Win32.Build.0 = Release|Win32
		{3C7E966A-E0FE-33E0-BA8D-A42FFAA62265}.MinSizeRel|Win32.ActiveCfg = MinSizeRel|Win32
		{3C7E966A-E0FE-33E0-BA8D-A42FFAA62265}.MinSizeRel|Win32.Build.0 = MinSizeRel|Win32
		{3C7E966A-E0FE-33E0-BA8D-A42FFAA62265}.RelWithDebInfo|Win32.ActiveCfg = RelWithDebInfo|Win32
		{3C7E966A-E0FE-33E0-BA8D-A42FFAA62265}.RelWithDebInfo|Win32.Build.0 = RelWithDebInfo|Win32
		{E8D39DC1-C9C2-3A70-A997-D8F2060CF156}.Debug|Win32.ActiveCfg = Debug|Win32
		{E8D39DC1-C9C2-3A70-A997-D8F2060CF156}.Debug|Win32.Build.0 = Debug|Win32
		{E8D39DC1-C9C2-3A70-A997-D8F2060CF156}.Release|Win32.ActiveCfg = Release|Win32
		{E8D39DC1-C9C2-3A70-A997-D8F2060CF156}.Release|Win32.Build.0 = Release|Win32
		{E8D39DC1-C9C2-3A70-A997-D8F2060CF156}.MinSizeRel|Win32.ActiveCfg = MinSizeRel|Win32
		{E8D39DC1-C9C2-3A70-A997-D8F2060CF156}.MinSizeRel|Win32.Build.0 = MinSizeRel|Win32
		{E8D39DC1-C9C2-3A70-A997-D8F2060CF156}.RelWithDebInfo|Win32.ActiveCfg = RelWithDebInfo|Win32
		{E8D39DC1-C9C2-3A70-A997-D8F2060CF156}.RelWithDebInfo|Win32.Build.0 = RelWithDebInfo|Win32
		{D898FDE0-A076-3432-B906-8278EBF114AF}.Debug|Win32.ActiveCfg = Debug|Win32
		{D898FDE0-A076-3432-B906-8278EBF114AF}.Debug|Win32.Build.0 = Debug|Win32
		{D898FDE0-A076-3432-B906-8278EBF114AF}.Release|Win32.ActiveCfg = Release|Win32
		{D898FDE0-A076-3432-B906-8278EBF114AF}.Release|Win32.Build.0 = Release|Win32
		{D898FDE0-A076-3432-B906-8278EBF114AF}.MinSizeRel|Win32.ActiveCfg = MinSizeRel|Win32
		{D898FDE0-A076-3432-B906-8278EBF114AF}.MinSizeRel|Win32.Build.0 = MinSizeRel|Win32
		{D898FDE0-A076-3432-B906-8278EBF114AF}.RelWithDebInfo|Win32.ActiveCfg = RelWithDebInfo|Win32
		{D898FDE0-A076-3432-B906-8278EBF114AF}.RelWithDebInfo|Win32.Build.0 = RelWithDebInfo|Win32
		{B3D8EF6F-F7FB-3109-A659-01EBEDC9591D}.Debug|Win32.ActiveCfg = Debug|Win32
		{B3D8EF6F-F7FB-3109-A659-01EBEDC9591D}.Debug|Win32.Build.0 = Debug|Win32
		{B3D8EF6F-F7FB-3109-A659-01EBEDC9591D}.Release|Win32.ActiveCfg = Release|Win32
		{B3D8EF6F-F7FB-3109-A659-01EBEDC9591D}.Release|Win32.Build.0 = Release|Win32
		{B3D8EF6F-F7FB-3109-A659-01EBEDC9591D}.MinSizeRel|Win32.ActiveCfg = MinSizeRel|Win32
		{B3D8EF6F-F7FB-3109-A659-01EBEDC9591D}.MinSizeRel|Win32.Build.0 = MinSizeRel|Win32
		{B3D8EF6F-F7FB-3109-A659-01EBEDC9591D}.RelWithDebInfo|Win32.ActiveCfg = RelWithDebInfo|Win32
		{B3D8EF6F-F7FB-3109-A659-01EBEDC9591D}.RelWithDebInfo|Win32.Build.0 = RelWithDebInfo|Win32
		{605DFB73-D8C5-3B8D-A75B-B72518EE0101}.Debug|Win32.ActiveCfg = Debug|Win32
		{605DFB73-D8C5-3B8D-A75B-B72518EE0101}.Debug|Win32.Build.0 = Debug|Win32
		{605DFB73-D8C5-3B8D-A75B-B72518EE0101}.Release|Win32.ActiveCfg = Release|Win32
		{605DFB73-D8C5-3B8D-A75B-B72518EE0101}.Release|Win32.Build.0 = Release|Win32
		{605DFB73-D8C5-3B8D-A75B-B72518EE0101}.MinSizeRel|Win32.ActiveCfg = MinSizeRel|Win32
		{605DFB73-D8C5-3B8D-A75B-B72518EE0101}.MinSizeRel|Win32.Build.0 = MinSizeRel|Win32
		{605DFB73-D8C5-3B8D-A75B-B72518EE0101}.RelWithDebInfo|Win32.ActiveCfg = RelWithDebInfo|Win32
		{605DFB73-D8C5-3B8D-A75B-B72518EE0101}.RelWithDebInfo|Win32.Build.0 = RelWithDebInfo|Win32
		{58E501E5-254E-3B35-99DC-FEC01550C69F}.Debug|Win32.ActiveCfg = Debug|Win32
		{58E501E5-254E-3B35-99DC-FEC01550C69F}.Debug|Win32.Build.0 = Debug|Win32
		{58E501E5-254E-3B35-99DC-FEC01550C69F}.Release|Win32.ActiveCfg = Release|Win32
		{58E501E5-254E-3B35-99DC-FEC01550C69F}.Release|Win32.Build.0 = Release|Win32
		{58E501E5-254E-3B35-99DC-FEC01550C69F}.MinSizeRel|Win32.ActiveCfg = MinSizeRel|Win32
		{58E501E5-254E-3B35-99DC-FEC01550C69F}.MinSizeRel|Win32.Build.0 = MinSizeRel|Win32
		{58E501E5-254E-3B35-99DC-FEC01550C69F}.RelWithDebInfo|Win32.ActiveCfg = RelWithDebInfo|Win32
		{58E501E5-254E-3B35-99DC-FEC01550C69F}.RelWithDebInfo|Win32.Build.0 = RelWithDebInfo|Win32
		{03843167-34F8-39FF-A59B-0933315BE88C}.Debug|Win32.ActiveCfg = Debug|Win32
		{03843167-34F8-39FF-A59B-0933315BE88C}.Debug|Win32.Build.0 = Debug|Win32
		{03843167-34F8-39FF-A59B-0933315BE88C}.Release|Win32.ActiveCfg = Release|Win32
		{03843167-34F8-39FF-A59B-0933315BE88C}.Release|Win32.Build.0 = Release|Win32
		{03843167-34F8-39FF-A59B-0933315BE88C}.MinSizeRel|Win32.ActiveCfg = MinSizeRel|Win32
		{03843167-34F8-39FF-A59B-0933315BE88C}.MinSizeRel|Win32.Build.0 = MinSizeRel|Win32
		{03843167-34F8-39FF-A59B-0933315BE88C}.RelWithDebInfo|Win32.ActiveCfg = RelWithDebInfo|Win32
		{03843167-34F8-39FF-A59B-0933315BE88C}.RelWithDebInfo|Win32.Build.0 = RelWithDebInfo|Win32
	EndGlobalSection
	GlobalSection(NestedProjects) = preSolution
		{482D49E5-9B7A-3E7A-B11E-4BE4C2F90FEC} = {AD697ED5-A106-3E61-91EE-EC063262CD16}
		{0613A467-60C7-310E-984A-CD21559776E9} = {AD697ED5-A106-3E61-91EE-EC063262CD16}
		{F2837A07-B2AD-31C5-9E5B-69E7C27046EA} = {20A35818-A765-3ADE-BFBE-C68FEAF19928}
		{DDC9E5AF-CFB4-3533-A0C3-053E83C73865} = {20A35818-A765-3ADE-BFBE-C68FEAF19928}
		{0EC1B732-5768-3F25-8352-C5B729955E38} = {20A35818-A765-3ADE-BFBE-C68FEAF19928}
		{19EB26FF-C50A-3D0A-A811-B3270E1CE569} = {20A35818-A765-3ADE-BFBE-C68FEAF19928}
		{40C56E73-2DAA-3C57-8F09-0EBE65E10E50} = {20A35818-A765-3ADE-BFBE-C68FEAF19928}
		{3C7E966A-E0FE-33E0-BA8D-A42FFAA62265} = {20A35818-A765-3ADE-BFBE-C68FEAF19928}
		{E8D39DC1-C9C2-3A70-A997-D8F2060CF156} = {20A35818-A765-3ADE-BFBE-C68FEAF19928}
		{D898FDE0-A076-3432-B906-8278EBF114AF} = {20A35818-A765-3ADE-BFBE-C68FEAF19928}
		{B3D8EF6F-F7FB-3109-A659-01EBEDC9591D} = {20A35818-A765-3ADE-BFBE-C68FEAF19928}
		{605DFB73-D8C5-3B8D-A75B-B72518EE0101} = {20A35818-A765-3ADE-BFBE-C68FEAF19928}
		{58E501E5-254E-3B35-99DC-FEC01550C69F} = {20A35818-A765-3ADE-BFBE-C68FEAF19928}
		{7D16F447-2D86-3A07-A539-9FB3C1484A20} = {C28A512C-2B86-3CF5-939A-C49A0389CD31}
		{F0152692-300C-382C-B92F-EFD4B1B15A44} = {2A8EA007-8D2D-36E9-A728-10B26C6A2BB0}
	EndGlobalSection
	GlobalSection(ExtensibilityGlobals) = postSolution
		SolutionGuid = {8E73DAFC-A326-3F6C-BFB0-B7F89816FD19}
	EndGlobalSection
	GlobalSection(ExtensibilityAddIns) = postSolution
	EndGlobalSection
EndGlobal
